
Microsoft Visual Studio Solution File, Format Version 12.00
# Visual Studio Version 16
VisualStudioVersion = 16.0.31624.102
MinimumVisualStudioVersion = 10.0.40219.1
Project("{FAE04EC0-301F-11D3-BF4B-00C04F79EFBC}") = "AddressBook", "AddressBook\AddressBook.csproj", "{28607738-6170-45B9-8EE0-0AF2CF698AB4}"
EndProject
Global
	GlobalSection(SolutionConfigurationPlatforms) = preSolution
		Debug|Any CPU = Debug|Any CPU
		Release|Any CPU = Release|Any CPU
	EndGlobalSection
	GlobalSection(ProjectConfigurationPlatforms) = postSolution
		{28607738-6170-45B9-8EE0-0AF2CF698AB4}.Debug|Any CPU.ActiveCfg = Debug|Any CPU
		{28607738-6170-45B9-8EE0-0AF2CF698AB4}.Debug|Any CPU.Build.0 = Debug|Any CPU
		{28607738-6170-45B9-8EE0-0AF2CF698AB4}.Release|Any CPU.ActiveCfg = Release|Any CPU
		{28607738-6170-45B9-8EE0-0AF2CF698AB4}.Release|Any CPU.Build.0 = Release|Any CPU
	EndGlobalSection
	GlobalSection(SolutionProperties) = preSolution
		HideSolutionNode = FALSE
	EndGlobalSection
	GlobalSection(ExtensibilityGlobals) = postSolution
		SolutionGuid = {498B94E4-FDE2-4CCE-BF74-2C29DDAE136D}
	EndGlobalSection
EndGlobal
